
Microsoft Visual Studio Solution File, Format Version 12.00
# Visual Studio 15
VisualStudioVersion = 15.0.28307.757
MinimumVisualStudioVersion = 10.0.40219.1
Project("{FAE04EC0-301F-11D3-BF4B-00C04F79EFBC}") = "Timekeeper", "Timekeeper\Timekeeper.csproj", "{F260400B-3069-4D08-858D-A3268FEFD751}"
EndProject
Global
	GlobalSection(SolutionConfigurationPlatforms) = preSolution
		Debug|Any CPU = Debug|Any CPU
		Release|Any CPU = Release|Any CPU
	EndGlobalSection
	GlobalSection(ProjectConfigurationPlatforms) = postSolution
		{F260400B-3069-4D08-858D-A3268FEFD751}.Debug|Any CPU.ActiveCfg = Debug|Any CPU
		{F260400B-3069-4D08-858D-A3268FEFD751}.Debug|Any CPU.Build.0 = Debug|Any CPU
		{F260400B-3069-4D08-858D-A3268FEFD751}.Release|Any CPU.ActiveCfg = Release|Any CPU
		{F260400B-3069-4D08-858D-A3268FEFD751}.Release|Any CPU.Build.0 = Release|Any CPU
	EndGlobalSection
	GlobalSection(SolutionProperties) = preSolution
		HideSolutionNode = FALSE
	EndGlobalSection
	GlobalSection(ExtensibilityGlobals) = postSolution
		SolutionGuid = {4859AC51-996C-4A5F-9B7C-701A5DC2E8A9}
	EndGlobalSection
EndGlobal
